
Microsoft Visual Studio Solution File, Format Version 12.00
# Visual Studio Version 17
VisualStudioVersion = 17.5.002.0
MinimumVisualStudioVersion = 10.0.40219.1
Project("{9A19103F-16F7-4668-BE54-9A1E7A4F7556}") = "apiUniversidade", "apiUniversidade.csproj", "{B9609C12-1BDF-4D58-8CC0-B0BF06B3724C}"
EndProject
Global
	GlobalSection(SolutionConfigurationPlatforms) = preSolution
		Debug|Any CPU = Debug|Any CPU
		Release|Any CPU = Release|Any CPU
	EndGlobalSection
	GlobalSection(ProjectConfigurationPlatforms) = postSolution
		{B9609C12-1BDF-4D58-8CC0-B0BF06B3724C}.Debug|Any CPU.ActiveCfg = Debug|Any CPU
		{B9609C12-1BDF-4D58-8CC0-B0BF06B3724C}.Debug|Any CPU.Build.0 = Debug|Any CPU
		{B9609C12-1BDF-4D58-8CC0-B0BF06B3724C}.Release|Any CPU.ActiveCfg = Release|Any CPU
		{B9609C12-1BDF-4D58-8CC0-B0BF06B3724C}.Release|Any CPU.Build.0 = Release|Any CPU
	EndGlobalSection
	GlobalSection(SolutionProperties) = preSolution
		HideSolutionNode = FALSE
	EndGlobalSection
	GlobalSection(ExtensibilityGlobals) = postSolution
		SolutionGuid = {F60D22D8-385C-4AD8-87B0-70396B551367}
	EndGlobalSection
EndGlobal
